{
  "version": 4,
  "terraform_version": "1.2.8",
  "serial": 5,
  "lineage": "05342f58-1ced-81dc-020f-971da9e81347",
  "outputs": {},
  "resources": [
    {
      "mode": "managed",
      "type": "local_file",
      "name": "count_int_loop",
      "provider": "provider[\"registry.terraform.io/hashicorp/local\"]",
      "instances": [
        {
          "index_key": 0,
          "schema_version": 0,
          "attributes": {
            "content": "This is file number 0",
            "content_base64": null,
            "content_base64sha256": "jY8X46r7JG5La03ylPI0LAAXiSqG/CTEbawuXxyW3YY=",
            "content_base64sha512": "K/V0d95ki6PCWuSrf4vaOVAIC3pl7/S+i4xQ+0REbpRCTHewtjtsp8WeWt7XVZifmlkpTHys47wKerRcFmocAg==",
            "content_md5": "d604bc9fafd3dc790761de828c9896f9",
            "content_sha1": "ceef75532c07e98da363bf0c124c48cedf550144",
            "content_sha256": "8d8f17e3aafb246e4b6b4df294f2342c0017892a86fc24c46dac2e5f1c96dd86",
            "content_sha512": "2bf57477de648ba3c25ae4ab7f8bda3950080b7a65eff4be8b8c50fb44446e94424c77b0b63b6ca7c59e5aded755989f9a59294c7cace3bc0a7ab45c166a1c02",
            "directory_permission": "0777",
            "file_permission": "0777",
            "filename": "./0.txt",
            "id": "ceef75532c07e98da363bf0c124c48cedf550144",
            "sensitive_content": null,
            "source": null
          },
          "sensitive_attributes": []
        },
        {
          "index_key": 1,
          "schema_version": 0,
          "attributes": {
            "content": "This is file number 1",
            "content_base64": null,
            "content_base64sha256": "eqP414Z2iRSVPclCC1G/LrLx8IIHsGP+ZqtyRyoludE=",
            "content_base64sha512": "4YX7So5ISqJ1G8QtwDbFhs6XDVfNvMdLeGwr58bZaI1jI1hiSWnnkt8S5axwCXEDYQOmo59ZNR0oIVsHQ/Du8Q==",
            "content_md5": "50a236c7fc9a02b0499ecbfce839208a",
            "content_sha1": "a6cc096a0531dd31f5713dc02f26a7258b429454",
            "content_sha256": "7aa3f8d786768914953dc9420b51bf2eb2f1f08207b063fe66ab72472a25b9d1",
            "content_sha512": "e185fb4a8e484aa2751bc42dc036c586ce970d57cdbcc74b786c2be7c6d9688d632358624969e792df12e5ac700971036103a6a39f59351d28215b0743f0eef1",
            "directory_permission": "0777",
            "file_permission": "0777",
            "filename": "./1.txt",
            "id": "a6cc096a0531dd31f5713dc02f26a7258b429454",
            "sensitive_content": null,
            "source": null
          },
          "sensitive_attributes": []
        },
        {
          "index_key": 2,
          "schema_version": 0,
          "attributes": {
            "content": "This is file number 2",
            "content_base64": null,
            "content_base64sha256": "r+rXre2j7X47q0Y4XtjgxyE458DWHXlDmRzvt1fu1N4=",
            "content_base64sha512": "8Zz7SGRvdDEO/dNclQVMX+MyeM+r8K8JSSBH1FeV2Pl2wiRoNhaQc2NdYIdWEPvNs7RlZcyb2wouKkayz2UNYQ==",
            "content_md5": "3b301095b5c5fade98dc3e49a3f79f44",
            "content_sha1": "ae1ccb3839bc57e08d8d8acb27da316cbdbeffed",
            "content_sha256": "afead7adeda3ed7e3bab46385ed8e0c72138e7c0d61d7943991cefb757eed4de",
            "content_sha512": "f19cfb48646f74310efdd35c95054c5fe33278cfabf0af09492047d45795d8f976c2246836169073635d60875610fbcdb3b46565cc9bdb0a2e2a46b2cf650d61",
            "directory_permission": "0777",
            "file_permission": "0777",
            "filename": "./2.txt",
            "id": "ae1ccb3839bc57e08d8d8acb27da316cbdbeffed",
            "sensitive_content": null,
            "source": null
          },
          "sensitive_attributes": []
        }
      ]
    }
  ]
}
